
Microsoft Visual Studio Solution File, Format Version 12.00
# Visual Studio Version 16
VisualStudioVersion = 16.0.29025.244
MinimumVisualStudioVersion = 10.0.40219.1
Project("{FAE04EC0-301F-11D3-BF4B-00C04F79EFBC}") = "IdCollection", "IdCollection.csproj", "{7224594F-15D9-4A4B-8701-097E39C0F71A}"
EndProject
Project("{FAE04EC0-301F-11D3-BF4B-00C04F79EFBC}") = "IdCollection.Tests", "..\IdCollection.Tests\IdCollection.Tests.csproj", "{6F49C425-C54C-48B3-9223-6AB8D1382450}"
EndProject
Global
	GlobalSection(SolutionConfigurationPlatforms) = preSolution
		Debug|Any CPU = Debug|Any CPU
		Release|Any CPU = Release|Any CPU
	EndGlobalSection
	GlobalSection(ProjectConfigurationPlatforms) = postSolution
		{7224594F-15D9-4A4B-8701-097E39C0F71A}.Debug|Any CPU.ActiveCfg = Debug|Any CPU
		{7224594F-15D9-4A4B-8701-097E39C0F71A}.Debug|Any CPU.Build.0 = Debug|Any CPU
		{7224594F-15D9-4A4B-8701-097E39C0F71A}.Release|Any CPU.ActiveCfg = Release|Any CPU
		{7224594F-15D9-4A4B-8701-097E39C0F71A}.Release|Any CPU.Build.0 = Release|Any CPU
		{6F49C425-C54C-48B3-9223-6AB8D1382450}.Debug|Any CPU.ActiveCfg = Debug|Any CPU
		{6F49C425-C54C-48B3-9223-6AB8D1382450}.Debug|Any CPU.Build.0 = Debug|Any CPU
		{6F49C425-C54C-48B3-9223-6AB8D1382450}.Release|Any CPU.ActiveCfg = Release|Any CPU
		{6F49C425-C54C-48B3-9223-6AB8D1382450}.Release|Any CPU.Build.0 = Release|Any CPU
	EndGlobalSection
	GlobalSection(SolutionProperties) = preSolution
		HideSolutionNode = FALSE
	EndGlobalSection
	GlobalSection(ExtensibilityGlobals) = postSolution
		SolutionGuid = {8050C5BE-2DB0-4CC6-B599-015B7FAF0F35}
	EndGlobalSection
EndGlobal
